Microsoft Visual Studio Solution File, Format Version 11.00
# Visual Studio 2008

Project("{C6916A86-49EE-3EC3-1C1B-4176DAC575A3}") = "tcc2016-harpia", "Assembly-CSharp-firstpass.csproj", "{577A5E6F-9A87-58A6-DE05-F3A62871509F}"
EndProject
Project("{C6916A86-49EE-3EC3-1C1B-4176DAC575A3}") = "tcc2016-harpia", "Assembly-CSharp.csproj", "{B6F24360-96EF-447C-345E-33C7CF6F2E4A}"
EndProject
Project("{C6916A86-49EE-3EC3-1C1B-4176DAC575A3}") = "tcc2016-harpia", "Assembly-CSharp-Editor.csproj", "{AF8F3856-A146-4352-F16D-7FAD9729E7CA}"
EndProject
Global
	GlobalSection(SolutionConfigurationPlatforms) = preSolution
		Debug|Any CPU = Debug|Any CPU
		Release|Any CPU = Release|Any CPU
	EndGlobalSection
	GlobalSection(ProjectConfigurationPlatforms) = postSolution
		{577A5E6F-9A87-58A6-DE05-F3A62871509F}.Debug|Any CPU.ActiveCfg = Debug|Any CPU
		{577A5E6F-9A87-58A6-DE05-F3A62871509F}.Debug|Any CPU.Build.0 = Debug|Any CPU
		{577A5E6F-9A87-58A6-DE05-F3A62871509F}.Release|Any CPU.ActiveCfg = Release|Any CPU
		{577A5E6F-9A87-58A6-DE05-F3A62871509F}.Release|Any CPU.Build.0 = Release|Any CPU
		{B6F24360-96EF-447C-345E-33C7CF6F2E4A}.Debug|Any CPU.ActiveCfg = Debug|Any CPU
		{B6F24360-96EF-447C-345E-33C7CF6F2E4A}.Debug|Any CPU.Build.0 = Debug|Any CPU
		{B6F24360-96EF-447C-345E-33C7CF6F2E4A}.Release|Any CPU.ActiveCfg = Release|Any CPU
		{B6F24360-96EF-447C-345E-33C7CF6F2E4A}.Release|Any CPU.Build.0 = Release|Any CPU
		{AF8F3856-A146-4352-F16D-7FAD9729E7CA}.Debug|Any CPU.ActiveCfg = Debug|Any CPU
		{AF8F3856-A146-4352-F16D-7FAD9729E7CA}.Debug|Any CPU.Build.0 = Debug|Any CPU
		{AF8F3856-A146-4352-F16D-7FAD9729E7CA}.Release|Any CPU.ActiveCfg = Release|Any CPU
		{AF8F3856-A146-4352-F16D-7FAD9729E7CA}.Release|Any CPU.Build.0 = Release|Any CPU
	EndGlobalSection
	GlobalSection(SolutionProperties) = preSolution
		HideSolutionNode = FALSE
	EndGlobalSection
	GlobalSection(MonoDevelopProperties) = preSolution
		StartupItem = Assembly-CSharp.csproj
	EndGlobalSection
EndGlobal
