
Microsoft Visual Studio Solution File, Format Version 12.00
# Visual Studio 2015
Project("{FAE04EC0-301F-11D3-BF4B-00C04F79EFBC}") = "Violetta.CSharp.Plugins", "Violetta.CSharp.Plugins.csproj", "{5D415F21-2AB5-C585-91F1-22A51EBB49FA}"
EndProject
Project("{FAE04EC0-301F-11D3-BF4B-00C04F79EFBC}") = "Violetta.CSharp", "Violetta.CSharp.csproj", "{5E7250B0-E725-4A8F-6CFB-E0618EBC9078}"
EndProject
Project("{FAE04EC0-301F-11D3-BF4B-00C04F79EFBC}") = "Violetta.CSharp.Editor", "Violetta.CSharp.Editor.csproj", "{3051C982-EDF6-28FF-7C20-39014B2B723F}"
EndProject
Global
	GlobalSection(SolutionConfigurationPlatforms) = preSolution
		Debug|Any CPU = Debug|Any CPU
		Release|Any CPU = Release|Any CPU
	EndGlobalSection
	GlobalSection(ProjectConfigurationPlatforms) = postSolution
		{5D415F21-2AB5-C585-91F1-22A51EBB49FA}.Debug|Any CPU.ActiveCfg = Debug|Any CPU
		{5D415F21-2AB5-C585-91F1-22A51EBB49FA}.Debug|Any CPU.Build.0 = Debug|Any CPU
		{5D415F21-2AB5-C585-91F1-22A51EBB49FA}.Release|Any CPU.ActiveCfg = Release|Any CPU
		{5D415F21-2AB5-C585-91F1-22A51EBB49FA}.Release|Any CPU.Build.0 = Release|Any CPU
		{5E7250B0-E725-4A8F-6CFB-E0618EBC9078}.Debug|Any CPU.ActiveCfg = Debug|Any CPU
		{5E7250B0-E725-4A8F-6CFB-E0618EBC9078}.Debug|Any CPU.Build.0 = Debug|Any CPU
		{5E7250B0-E725-4A8F-6CFB-E0618EBC9078}.Release|Any CPU.ActiveCfg = Release|Any CPU
		{5E7250B0-E725-4A8F-6CFB-E0618EBC9078}.Release|Any CPU.Build.0 = Release|Any CPU
		{3051C982-EDF6-28FF-7C20-39014B2B723F}.Debug|Any CPU.ActiveCfg = Debug|Any CPU
		{3051C982-EDF6-28FF-7C20-39014B2B723F}.Debug|Any CPU.Build.0 = Debug|Any CPU
		{3051C982-EDF6-28FF-7C20-39014B2B723F}.Release|Any CPU.ActiveCfg = Release|Any CPU
		{3051C982-EDF6-28FF-7C20-39014B2B723F}.Release|Any CPU.Build.0 = Release|Any CPU
	EndGlobalSection
	GlobalSection(SolutionProperties) = preSolution
		HideSolutionNode = FALSE
	EndGlobalSection
EndGlobal
