Microsoft Visual Studio Solution File, Format Version 11.00
# Visual Studio 2008

Project("{1EBD356C-E740-FD46-D0FC-FFB2E8E94988}") = "Violeta", "Assembly-CSharp.csproj", "{0131A03E-AEAF-43A6-68E4-2C388F3E1812}"
EndProject
Project("{1EBD356C-E740-FD46-D0FC-FFB2E8E94988}") = "Violeta", "Assembly-CSharp-Editor.csproj", "{020769D0-4DC4-8588-A4FC-C5ED62260142}"
EndProject
Global
	GlobalSection(SolutionConfigurationPlatforms) = preSolution
		Debug|Any CPU = Debug|Any CPU
		Release|Any CPU = Release|Any CPU
	EndGlobalSection
	GlobalSection(ProjectConfigurationPlatforms) = postSolution
		{0131A03E-AEAF-43A6-68E4-2C388F3E1812}.Debug|Any CPU.ActiveCfg = Debug|Any CPU
		{0131A03E-AEAF-43A6-68E4-2C388F3E1812}.Debug|Any CPU.Build.0 = Debug|Any CPU
		{0131A03E-AEAF-43A6-68E4-2C388F3E1812}.Release|Any CPU.ActiveCfg = Release|Any CPU
		{0131A03E-AEAF-43A6-68E4-2C388F3E1812}.Release|Any CPU.Build.0 = Release|Any CPU
		{020769D0-4DC4-8588-A4FC-C5ED62260142}.Debug|Any CPU.ActiveCfg = Debug|Any CPU
		{020769D0-4DC4-8588-A4FC-C5ED62260142}.Debug|Any CPU.Build.0 = Debug|Any CPU
		{020769D0-4DC4-8588-A4FC-C5ED62260142}.Release|Any CPU.ActiveCfg = Release|Any CPU
		{020769D0-4DC4-8588-A4FC-C5ED62260142}.Release|Any CPU.Build.0 = Release|Any CPU
	EndGlobalSection
	GlobalSection(SolutionProperties) = preSolution
		HideSolutionNode = FALSE
	EndGlobalSection
	GlobalSection(MonoDevelopProperties) = preSolution
		StartupItem = Assembly-CSharp.csproj
	EndGlobalSection
EndGlobal
